
Microsoft Visual Studio Solution File, Format Version 12.00
# Visual Studio Version 17
VisualStudioVersion = 17.3.32804.467
MinimumVisualStudioVersion = 10.0.40219.1
Project("{FAE04EC0-301F-11D3-BF4B-00C04F79EFBC}") = "testui", "testui.csproj", "{4D5012D6-811D-42A9-B8D6-A87E0FFE05C2}"
EndProject
Global
	GlobalSection(SolutionConfigurationPlatforms) = preSolution
		Debug|Any CPU = Debug|Any CPU
		Release|Any CPU = Release|Any CPU
	EndGlobalSection
	GlobalSection(ProjectConfigurationPlatforms) = postSolution
		{4D5012D6-811D-42A9-B8D6-A87E0FFE05C2}.Debug|Any CPU.ActiveCfg = Debug|Any CPU
		{4D5012D6-811D-42A9-B8D6-A87E0FFE05C2}.Debug|Any CPU.Build.0 = Debug|Any CPU
		{4D5012D6-811D-42A9-B8D6-A87E0FFE05C2}.Release|Any CPU.ActiveCfg = Release|Any CPU
		{4D5012D6-811D-42A9-B8D6-A87E0FFE05C2}.Release|Any CPU.Build.0 = Release|Any CPU
	EndGlobalSection
	GlobalSection(SolutionProperties) = preSolution
		HideSolutionNode = FALSE
	EndGlobalSection
	GlobalSection(ExtensibilityGlobals) = postSolution
		SolutionGuid = {27771802-CB39-4F9D-BBC9-853BB76DE4DB}
	EndGlobalSection
EndGlobal
